
Microsoft Visual Studio Solution File, Format Version 12.00
# Visual Studio 2012
Project("{FAE04EC0-301F-11D3-BF4B-00C04F79EFBC}") = "TextShield.iOS", "iOS\TextShield.iOS.csproj", "{8E4AB447-1F2F-473B-80A8-71954BB84EEC}"
EndProject
Project("{FAE04EC0-301F-11D3-BF4B-00C04F79EFBC}") = "TextShield.Droid", "Droid\TextShield.Droid.csproj", "{782C7D85-21F0-4D8C-A4FD-B13A4582602E}"
EndProject
Project("{FAE04EC0-301F-11D3-BF4B-00C04F79EFBC}") = "TextShield", "TextShield\TextShield.csproj", "{9ADB61D1-1B8F-4920-BC0A-60009EAD9CC4}"
EndProject
Project("{FAE04EC0-301F-11D3-BF4B-00C04F79EFBC}") = "TextShield.UITests", "UITests\TextShield.UITests.csproj", "{0A065A10-26B8-4627-AA05-F41077586D71}"
EndProject
Global
	GlobalSection(SolutionConfigurationPlatforms) = preSolution
		Debug|iPhoneSimulator = Debug|iPhoneSimulator
		Release|iPhone = Release|iPhone
		Release|iPhoneSimulator = Release|iPhoneSimulator
		Debug|iPhone = Debug|iPhone
		Debug|Any CPU = Debug|Any CPU
		Release|Any CPU = Release|Any CPU
	EndGlobalSection
	GlobalSection(ProjectConfigurationPlatforms) = postSolution
		{0A065A10-26B8-4627-AA05-F41077586D71}.Debug|Any CPU.ActiveCfg = Debug|Any CPU
		{0A065A10-26B8-4627-AA05-F41077586D71}.Debug|Any CPU.Build.0 = Debug|Any CPU
		{0A065A10-26B8-4627-AA05-F41077586D71}.Debug|iPhone.ActiveCfg = Debug|Any CPU
		{0A065A10-26B8-4627-AA05-F41077586D71}.Debug|iPhone.Build.0 = Debug|Any CPU
		{0A065A10-26B8-4627-AA05-F41077586D71}.Debug|iPhoneSimulator.ActiveCfg = Debug|Any CPU
		{0A065A10-26B8-4627-AA05-F41077586D71}.Debug|iPhoneSimulator.Build.0 = Debug|Any CPU
		{0A065A10-26B8-4627-AA05-F41077586D71}.Release|Any CPU.ActiveCfg = Release|Any CPU
		{0A065A10-26B8-4627-AA05-F41077586D71}.Release|Any CPU.Build.0 = Release|Any CPU
		{0A065A10-26B8-4627-AA05-F41077586D71}.Release|iPhone.ActiveCfg = Release|Any CPU
		{0A065A10-26B8-4627-AA05-F41077586D71}.Release|iPhone.Build.0 = Release|Any CPU
		{0A065A10-26B8-4627-AA05-F41077586D71}.Release|iPhoneSimulator.ActiveCfg = Release|Any CPU
		{0A065A10-26B8-4627-AA05-F41077586D71}.Release|iPhoneSimulator.Build.0 = Release|Any CPU
		{782C7D85-21F0-4D8C-A4FD-B13A4582602E}.Debug|Any CPU.ActiveCfg = Debug|Any CPU
		{782C7D85-21F0-4D8C-A4FD-B13A4582602E}.Debug|Any CPU.Build.0 = Debug|Any CPU
		{782C7D85-21F0-4D8C-A4FD-B13A4582602E}.Debug|iPhone.ActiveCfg = Debug|Any CPU
		{782C7D85-21F0-4D8C-A4FD-B13A4582602E}.Debug|iPhone.Build.0 = Debug|Any CPU
		{782C7D85-21F0-4D8C-A4FD-B13A4582602E}.Debug|iPhoneSimulator.ActiveCfg = Debug|Any CPU
		{782C7D85-21F0-4D8C-A4FD-B13A4582602E}.Debug|iPhoneSimulator.Build.0 = Debug|Any CPU
		{782C7D85-21F0-4D8C-A4FD-B13A4582602E}.Release|Any CPU.ActiveCfg = Release|Any CPU
		{782C7D85-21F0-4D8C-A4FD-B13A4582602E}.Release|Any CPU.Build.0 = Release|Any CPU
		{782C7D85-21F0-4D8C-A4FD-B13A4582602E}.Release|iPhone.ActiveCfg = Release|Any CPU
		{782C7D85-21F0-4D8C-A4FD-B13A4582602E}.Release|iPhone.Build.0 = Release|Any CPU
		{782C7D85-21F0-4D8C-A4FD-B13A4582602E}.Release|iPhoneSimulator.ActiveCfg = Release|Any CPU
		{782C7D85-21F0-4D8C-A4FD-B13A4582602E}.Release|iPhoneSimulator.Build.0 = Release|Any CPU
		{8E4AB447-1F2F-473B-80A8-71954BB84EEC}.Debug|Any CPU.ActiveCfg = Debug|iPhoneSimulator
		{8E4AB447-1F2F-473B-80A8-71954BB84EEC}.Debug|Any CPU.Build.0 = Debug|iPhoneSimulator
		{8E4AB447-1F2F-473B-80A8-71954BB84EEC}.Debug|iPhone.ActiveCfg = Debug|iPhone
		{8E4AB447-1F2F-473B-80A8-71954BB84EEC}.Debug|iPhone.Build.0 = Debug|iPhone
		{8E4AB447-1F2F-473B-80A8-71954BB84EEC}.Debug|iPhoneSimulator.ActiveCfg = Debug|iPhoneSimulator
		{8E4AB447-1F2F-473B-80A8-71954BB84EEC}.Debug|iPhoneSimulator.Build.0 = Debug|iPhoneSimulator
		{8E4AB447-1F2F-473B-80A8-71954BB84EEC}.Release|Any CPU.ActiveCfg = Release|iPhone
		{8E4AB447-1F2F-473B-80A8-71954BB84EEC}.Release|Any CPU.Build.0 = Release|iPhone
		{8E4AB447-1F2F-473B-80A8-71954BB84EEC}.Release|iPhone.ActiveCfg = Release|iPhone
		{8E4AB447-1F2F-473B-80A8-71954BB84EEC}.Release|iPhone.Build.0 = Release|iPhone
		{8E4AB447-1F2F-473B-80A8-71954BB84EEC}.Release|iPhoneSimulator.ActiveCfg = Release|iPhoneSimulator
		{8E4AB447-1F2F-473B-80A8-71954BB84EEC}.Release|iPhoneSimulator.Build.0 = Release|iPhoneSimulator
		{9ADB61D1-1B8F-4920-BC0A-60009EAD9CC4}.Debug|Any CPU.ActiveCfg = Debug|Any CPU
		{9ADB61D1-1B8F-4920-BC0A-60009EAD9CC4}.Debug|Any CPU.Build.0 = Debug|Any CPU
		{9ADB61D1-1B8F-4920-BC0A-60009EAD9CC4}.Debug|iPhone.ActiveCfg = Debug|Any CPU
		{9ADB61D1-1B8F-4920-BC0A-60009EAD9CC4}.Debug|iPhone.Build.0 = Debug|Any CPU
		{9ADB61D1-1B8F-4920-BC0A-60009EAD9CC4}.Debug|iPhoneSimulator.ActiveCfg = Debug|Any CPU
		{9ADB61D1-1B8F-4920-BC0A-60009EAD9CC4}.Debug|iPhoneSimulator.Build.0 = Debug|Any CPU
		{9ADB61D1-1B8F-4920-BC0A-60009EAD9CC4}.Release|Any CPU.ActiveCfg = Release|Any CPU
		{9ADB61D1-1B8F-4920-BC0A-60009EAD9CC4}.Release|Any CPU.Build.0 = Release|Any CPU
		{9ADB61D1-1B8F-4920-BC0A-60009EAD9CC4}.Release|iPhone.ActiveCfg = Release|Any CPU
		{9ADB61D1-1B8F-4920-BC0A-60009EAD9CC4}.Release|iPhone.Build.0 = Release|Any CPU
		{9ADB61D1-1B8F-4920-BC0A-60009EAD9CC4}.Release|iPhoneSimulator.ActiveCfg = Release|Any CPU
		{9ADB61D1-1B8F-4920-BC0A-60009EAD9CC4}.Release|iPhoneSimulator.Build.0 = Release|Any CPU
	EndGlobalSection
EndGlobal
